{
  "requires": true,
  "lockfileVersion": 1,
  "dependencies": {
    "jsplumb": {
      "version": "2.7.15",
      "resolved": "https://registry.npmjs.org/jsplumb/-/jsplumb-2.7.15.tgz",
      "integrity": "sha512-DC6sH9GlWEpj7rBOLrWZErdh7jMj2E9QljP/6Y5aFPPWoU3W4WRB/svrBeMCeLSbkYNzEbX8kjGVreYqCWVT7Q=="
    }
  }
}
